%{"blacksmith": {:hex, :blacksmith, "0.2.0", "edc6f3a646d00693c13112a1c42f586e96448744c8cf287dcd5c5268c3673805", [:mix], [{:faker, "~> 0.6", [hex: :faker, optional: false]}]},
  "certifi": {:hex, :certifi, "0.3.0", "389d4b126a47895fe96d65fcf8681f4d09eca1153dc2243ed6babad0aac1e763", [:rebar3], []},
  "combine": {:hex, :combine, "0.7.0", "2ac6ae852a9835fe8189af18121cddd5bed2677f5df706dc0d208af668ab845d", [:mix], []},
  "comeonin": {:hex, :comeonin, "1.6.0", "65d3217bf171feb2600ac639089d1316c5438407a30dfbe9f465d75500db2171", [:make, :mix], [{:comeonin_i18n, "~> 0.1", [hex: :comeonin_i18n, optional: true]}]},
  "connection": {:hex, :connection, "1.0.4", "a1cae72211f0eef17705aaededacac3eb30e6625b04a6117c1b2db6ace7d5976", [:mix], []},
  "cowboy": {:hex, :cowboy, "1.1.2", "61ac29ea970389a88eca5a65601460162d370a70018afe6f949a29dca91f3bb0", [:rebar3], [{:cowlib, "~> 1.0.2", [hex: :cowlib, optional: false]}, {:ranch, "~> 1.3.2", [hex: :ranch, optional: false]}]},
  "cowlib": {:hex, :cowlib, "1.0.2", "9d769a1d062c9c3ac753096f868ca121e2730b9a377de23dec0f7e08b1df84ee", [:make], []},
  "crutches": {:hex, :crutches, "1.0.0", "34675f0c88f25a3a6d2a77912194beaece9bf835f9f2f5627027b4a19125aaa6", [:mix], []},
  "db_connection": {:hex, :db_connection, "1.1.2", "2865c2a4bae0714e2213a0ce60a1b12d76a6efba0c51fbda59c9ab8d1accc7a8", [:mix], [{:connection, "~> 1.0.2", [hex: :connection, optional: false]}, {:poolboy, "~> 1.5", [hex: :poolboy, optional: true]}, {:sbroker, "~> 1.0", [hex: :sbroker, optional: true]}]},
  "decimal": {:hex, :decimal, "1.3.1", "157b3cedb2bfcb5359372a7766dd7a41091ad34578296e951f58a946fcab49c6", [:mix], []},
  "ecto": {:hex, :ecto, "2.0.6", "9dcbf819c2a77f67a66b83739b7fcc00b71aaf6c100016db4f798930fa4cfd47", [:mix], [{:db_connection, "~> 1.0", [hex: :db_connection, optional: true]}, {:decimal, "~> 1.1.2 or ~> 1.2", [hex: :decimal, optional: false]}, {:mariaex, "~> 0.8.0", [hex: :mariaex, optional: true]}, {:poison, "~> 1.5 or ~> 2.0", [hex: :poison, optional: true]}, {:poolboy, "~> 1.5", [hex: :poolboy, optional: false]}, {:postgrex, "~> 0.12.0", [hex: :postgrex, optional: true]}, {:sbroker, "~> 1.0-beta", [hex: :sbroker, optional: true]}]},
  "faker": {:hex, :faker, "0.6.0", "2d2ff0879d6b10fab5fb47eb2c1149b811e4af780a17022aa249deb3a7156d2b", [:mix], []},
  "floki": {:hex, :floki, "0.7.1", "64e6d266b4817711b24b9d2e62b55f4af673d791fdd30462f961b94f45c8b1e9", [:mix], [{:mochiweb, "~> 2.12.2", [hex: :mochiweb, optional: false]}]},
  "fs": {:hex, :fs, "0.9.2", "ed17036c26c3f70ac49781ed9220a50c36775c6ca2cf8182d123b6566e49ec59", [:rebar], []},
  "gettext": {:hex, :gettext, "0.9.0", "b732430dce0cbb3e370d89cdf6a7dbe48647a708f92754262601b62a0eb47e6f", [:mix], []},
  "hackney": {:hex, :hackney, "1.4.7", "fcca8e6ba215de6225cc9b56230a3ef441ddaee05d963a39b56ca7b064026342", [:rebar3], [{:certifi, "0.3.0", [hex: :certifi, optional: false]}, {:idna, "1.0.2", [hex: :idna, optional: false]}, {:mimerl, "1.0.2", [hex: :mimerl, optional: false]}, {:ssl_verify_hostname, "1.0.5", [hex: :ssl_verify_hostname, optional: false]}]},
  "hound": {:hex, :hound, "1.0.2", "b6dd20142d00c28009fad503a23fa4a76bc11899e0d198f36a9c1448427788b2", [:mix], [{:httpoison, "~> 0.8", [hex: :httpoison, optional: false]}, {:poison, ">= 1.4.0", [hex: :poison, optional: false]}]},
  "httpoison": {:hex, :httpoison, "0.8.0", "52a958d40b2aa46da418cdf6d8dfd82ba83e94d5e60920dfa5f40c05b34fe073", [:mix], [{:hackney, "~> 1.4.4", [hex: :hackney, optional: false]}]},
  "idna": {:hex, :idna, "1.0.2", "397e3d001c002319da75759b0a81156bf11849c71d565162436d50020cb7265e", [:make], []},
  "mailgun": {:git, "https://github.com/backspace/mailgun.git", "a235565fe05e7ccc553ed017885cfa78dafd20a1", [branch: "multi-email-test"]},
  "mime": {:hex, :mime, "1.1.0", "01c1d6f4083d8aa5c7b8c246ade95139620ef8effb009edde934e0ec3b28090a", [:mix], []},
  "mimerl": {:hex, :mimerl, "1.0.2", "993f9b0e084083405ed8252b99460c4f0563e41729ab42d9074fd5e52439be88", [:rebar3], []},
  "mix_test_watch": {:hex, :mix_test_watch, "0.2.6", "9fcc2b1b89d1594c4a8300959c19d50da2f0ff13642c8f681692a6e507f92cab", [:mix], [{:fs, "~> 0.9.1", [hex: :fs, optional: false]}]},
  "mochiweb": {:hex, :mochiweb, "2.12.2", "80804ad342afa3d7f3524040d4eed66ce74b17a555de454ac85b07c479928e46", [:make, :rebar], []},
  "phoenix": {:hex, :phoenix, "1.2.3", "b68dd6a7e6ff3eef38ad59771007d2f3f344988ea6e658e9b2c6ffb2ef494810", [:mix], [{:cowboy, "~> 1.0", [hex: :cowboy, optional: true]}, {:phoenix_pubsub, "~> 1.0", [hex: :phoenix_pubsub, optional: false]}, {:plug, "~> 1.4 or ~> 1.3.3 or ~> 1.2.4 or ~> 1.1.8 or ~> 1.0.5", [hex: :plug, optional: false]}, {:poison, "~> 1.5 or ~> 2.0", [hex: :poison, optional: false]}]},
  "phoenix_ecto": {:hex, :phoenix_ecto, "3.0.0", "b947aaf03d076f5b1448f87828f22fb7710478ee38455c67cc3fe8e9a4dfd015", [:mix], [{:ecto, "~> 2.0.0-rc", [hex: :ecto, optional: false]}, {:phoenix_html, "~> 2.6", [hex: :phoenix_html, optional: true]}]},
  "phoenix_html": {:hex, :phoenix_html, "2.9.3", "1b5a2122cbf743aa242f54dced8a4f1cc778b8bd304f4b4c0043a6250c58e258", [:mix], [{:plug, "~> 1.0", [hex: :plug, optional: false]}]},
  "phoenix_live_reload": {:hex, :phoenix_live_reload, "1.0.8", "4333f9c74190f485a74866beff2f9304f069d53f047f5fbb0fb8d1ee4c495f73", [:mix], [{:fs, "~> 0.9.1", [hex: :fs, optional: false]}, {:phoenix, "~> 1.0 or ~> 1.2-rc", [hex: :phoenix, optional: false]}]},
  "phoenix_pubsub": {:hex, :phoenix_pubsub, "1.0.1", "c10ddf6237007c804bf2b8f3c4d5b99009b42eca3a0dfac04ea2d8001186056a", [:mix], []},
  "plug": {:hex, :plug, "1.3.5", "7503bfcd7091df2a9761ef8cecea666d1f2cc454cbbaf0afa0b6e259203b7031", [:mix], [{:cowboy, "~> 1.0.1 or ~> 1.1", [hex: :cowboy, optional: true]}, {:mime, "~> 1.0", [hex: :mime, optional: false]}]},
  "poison": {:hex, :poison, "1.5.2", "560bdfb7449e3ddd23a096929fb9fc2122f709bcc758b2d5d5a5c7d0ea848910", [:mix], []},
  "poolboy": {:hex, :poolboy, "1.5.1", "6b46163901cfd0a1b43d692657ed9d7e599853b3b21b95ae5ae0a777cf9b6ca8", [:rebar], []},
  "porcelain": {:hex, :porcelain, "2.0.1", "9c3db2b47d8cf6879c0d9ac79db8657333974a88faff09e856569e00c1b5e119", [:mix], []},
  "postgrex": {:hex, :postgrex, "0.12.1", "2f8b46cb3a44dcd42f42938abedbfffe7e103ba4ce810ccbeee8dcf27ca0fb06", [:mix], [{:connection, "~> 1.0", [hex: :connection, optional: false]}, {:db_connection, "~> 1.0-rc.4", [hex: :db_connection, optional: false]}, {:decimal, "~> 1.0", [hex: :decimal, optional: false]}]},
  "ranch": {:hex, :ranch, "1.3.2", "e4965a144dc9fbe70e5c077c65e73c57165416a901bd02ea899cfd95aa890986", [:rebar3], []},
  "ssl_verify_hostname": {:hex, :ssl_verify_hostname, "1.0.5", "2e73e068cd6393526f9fa6d399353d7c9477d6886ba005f323b592d389fb47be", [:make], []},
  "timex": {:hex, :timex, "1.0.0", "c2f4c86c6ec1af5b6614c85b0afa6bd2422f6d72fa3e8ab42baacb801e3235b5", [:mix], [{:combine, "~> 0.7", [hex: :combine, optional: false]}, {:tzdata, "== 0.1.8 or ~> 0.5", [hex: :tzdata, optional: false]}]},
  "tzdata": {:hex, :tzdata, "0.5.6", "d44c59175b8e9a170b3b17d6933820de98a3f0932f3a0615d884b8c20e93a87a", [:mix], [{:hackney, "~> 1.0", [hex: :hackney, optional: false]}]}}
