lockfileVersion: '9.0'

settings:
  autoInstallPeers: true
  excludeLinksFromLockfile: false

patchedDependencies:
  three@0.77.1:
    hash: 2uu5yljsuybhlzn6rd3ghlr4xq
    path: patches/three@0.77.1.patch

importers:

  .:
    dependencies:
      foundation-sites:
        specifier: ^6.7.0
        version: 6.8.1(jquery@3.7.1)(what-input@5.2.12)
      gsap:
        specifier: ^1.18.5
        version: 1.20.6
      jquery:
        specifier: ^3.6.0
        version: 3.7.1
      phoenix:
        specifier: file:../deps/phoenix
        version: file:../deps/phoenix
      phoenix_html:
        specifier: file:../deps/phoenix_html
        version: file:../deps/phoenix_html
      sass-cubic-bezier-bounding-box:
        specifier: ^1.0.2
        version: 1.0.2
      three:
        specifier: ^0.77.1
        version: 0.77.1(patch_hash=2uu5yljsuybhlzn6rd3ghlr4xq)

packages:

  foundation-sites@6.8.1:
    resolution: {integrity: sha512-9JAuLqVgzf7EIRUqVKeYN68dU/SGe0aNJPgnejdfJKSWnBFdQLF3Zvy9WEQ1gE/gnyvwG3Ia3LkkEd9774n0bQ==}
    engines: {node: '>=16.0'}
    peerDependencies:
      jquery: '>=3.6.0'
      motion-ui: latest
      what-input: '>=5.2.10'

  gsap@1.20.6:
    resolution: {integrity: sha512-XM2BdaoJP23KSg/u4FnsqVI+HI7/jcVZbHFU8JfzNLvPCF08yf4a/WRFP/lQ5gbWydpL7g/YKjPe/PMpw+5WJQ==}

  jquery@3.7.1:
    resolution: {integrity: sha512-m4avr8yL8kmFN8psrbFFFmB/If14iN5o9nw/NgnnM+kybDJpRsAynV2BsfpTYrTRysYUdADVD7CkUUizgkpLfg==}

  phoenix@file:../deps/phoenix:
    resolution: {directory: ../deps/phoenix, type: directory}

  phoenix_html@file:../deps/phoenix_html:
    resolution: {directory: ../deps/phoenix_html, type: directory}

  sass-cubic-bezier-bounding-box@1.0.2:
    resolution: {integrity: sha512-NG9W/ygLZINdmk3y1N17NMtUyOUIj4+qQR640Chq/kWx3W9IATT7hI+iBlqT3uLw0iE35LBTwX0KyMGUBoxvzw==}

  three@0.77.1:
    resolution: {integrity: sha512-TbPodomKQZuqEXQo9cbEciTP57t0pJkN+5LX2ESLq/eZ5b3iJrzTKx9Tcc5WvJTyYNf0GAcJNHsVy72Qt+Qd7g==}

  what-input@5.2.12:
    resolution: {integrity: sha512-3yrSa7nGSXGJS6wZeSkO6VNm95pB1mZ9i3wFzC1hhY7mn4/afue/MvXz04OXNdBC8bfo4AB4RRd3Dem9jXM58Q==}

snapshots:

  foundation-sites@6.8.1(jquery@3.7.1)(what-input@5.2.12):
    dependencies:
      jquery: 3.7.1
      what-input: 5.2.12

  gsap@1.20.6: {}

  jquery@3.7.1: {}

  phoenix@file:../deps/phoenix: {}

  phoenix_html@file:../deps/phoenix_html: {}

  sass-cubic-bezier-bounding-box@1.0.2: {}

  three@0.77.1(patch_hash=2uu5yljsuybhlzn6rd3ghlr4xq): {}

  what-input@5.2.12: {}
